// !$*UTF8*$!
{
	archiveVersion = 1;
	classes = {
	};
	objectVersion = 55;
	objects = {

/* Begin PBXBuildFile section */
		389784ED280CB5B800D52C08 /* README.md in Resources */ = {isa = PBXBuildFile; fileRef = 389784EC280CB5B800D52C08 /* README.md */; };
		38D55954280B14920000EFBA /* AddPrivateKeyViewController.swift in Sources */ = {isa = PBXBuildFile; fileRef = 38D55953280B14920000EFBA /* AddPrivateKeyViewController.swift */; };
		38D55956280B19C30000EFBA /* CreateProfileViewController.swift in Sources */ = {isa = PBXBuildFile; fileRef = 38D55955280B19C30000EFBA /* CreateProfileViewController.swift */; };
		38D55958280B2D290000EFBA /* ConversationTableViewController.swift in Sources */ = {isa = PBXBuildFile; fileRef = 38D55957280B2D290000EFBA /* ConversationTableViewController.swift */; };
		38DEC1F02807AF280026F370 /* AppDelegate.swift in Sources */ = {isa = PBXBuildFile; fileRef = 38DEC1EF2807AF280026F370 /* AppDelegate.swift */; };
		38DEC1F22807AF280026F370 /* SceneDelegate.swift in Sources */ = {isa = PBXBuildFile; fileRef = 38DEC1F12807AF280026F370 /* SceneDelegate.swift */; };
		38DEC1F92807AF290026F370 /* Assets.xcassets in Resources */ = {isa = PBXBuildFile; fileRef = 38DEC1F82807AF290026F370 /* Assets.xcassets */; };
		38DEC1FC2807AF290026F370 /* LaunchScreen.storyboard in Resources */ = {isa = PBXBuildFile; fileRef = 38DEC1FA2807AF290026F370 /* LaunchScreen.storyboard */; };
		38DEC2072807AF290026F370 /* UnitTests.swift in Sources */ = {isa = PBXBuildFile; fileRef = 38DEC2062807AF290026F370 /* UnitTests.swift */; };
		38DEC2222807AF490026F370 /* ConversationViewController.swift in Sources */ = {isa = PBXBuildFile; fileRef = 38DEC21F2807AF490026F370 /* ConversationViewController.swift */; };
		38DEC2232807AF490026F370 /* ProfileViewController.swift in Sources */ = {isa = PBXBuildFile; fileRef = 38DEC2202807AF490026F370 /* ProfileViewController.swift */; };
		38DEC2242807AF490026F370 /* ContactViewController.swift in Sources */ = {isa = PBXBuildFile; fileRef = 38DEC2212807AF490026F370 /* ContactViewController.swift */; };
		38DEC2262807AF540026F370 /* Main.storyboard in Resources */ = {isa = PBXBuildFile; fileRef = 38DEC2252807AF540026F370 /* Main.storyboard */; };
		38DEC2282807AFE90026F370 /* Account.swift in Sources */ = {isa = PBXBuildFile; fileRef = 38DEC2272807AFE90026F370 /* Account.swift */; };
		38DEC22A2807B0150026F370 /* Message.swift in Sources */ = {isa = PBXBuildFile; fileRef = 38DEC2292807B0150026F370 /* Message.swift */; };
		38DEC22C2807B0370026F370 /* CryptoFacade.swift in Sources */ = {isa = PBXBuildFile; fileRef = 38DEC22B2807B0370026F370 /* CryptoFacade.swift */; };
		38DEC22E2807B07A0026F370 /* ChatServerClient.swift in Sources */ = {isa = PBXBuildFile; fileRef = 38DEC22D2807B07A0026F370 /* ChatServerClient.swift */; };
		38DEC2302808BAA30026F370 /* DataController.swift in Sources */ = {isa = PBXBuildFile; fileRef = 38DEC22F2808BAA30026F370 /* DataController.swift */; };
/* End PBXBuildFile section */

/* Begin PBXContainerItemProxy section */
		38DEC2032807AF290026F370 /* PBXContainerItemProxy */ = {
			isa = PBXContainerItemProxy;
			containerPortal = 38DEC1E42807AF270026F370 /* Project object */;
			proxyType = 1;
			remoteGlobalIDString = 38DEC1EB2807AF280026F370;
			remoteInfo = "crypto-chat";
		};
		38DEC20D2807AF290026F370 /* PBXContainerItemProxy */ = {
			isa = PBXContainerItemProxy;
			containerPortal = 38DEC1E42807AF270026F370 /* Project object */;
			proxyType = 1;
			remoteGlobalIDString = 38DEC1EB2807AF280026F370;
			remoteInfo = "crypto-chat";
		};
/* End PBXContainerItemProxy section */

/* Begin PBXFileReference section */
		389784EC280CB5B800D52C08 /* README.md */ = {isa = PBXFileReference; fileEncoding = 4; lastKnownFileType = net.daringfireball.markdown; path = README.md; sourceTree = "<group>"; };
		38D55953280B14920000EFBA /* AddPrivateKeyViewController.swift */ = {isa = PBXFileReference; lastKnownFileType = sourcecode.swift; path = AddPrivateKeyViewController.swift; sourceTree = "<group>"; };
		38D55955280B19C30000EFBA /* CreateProfileViewController.swift */ = {isa = PBXFileReference; lastKnownFileType = sourcecode.swift; path = CreateProfileViewController.swift; sourceTree = "<group>"; };
		38D55957280B2D290000EFBA /* ConversationTableViewController.swift */ = {isa = PBXFileReference; lastKnownFileType = sourcecode.swift; path = ConversationTableViewController.swift; sourceTree = "<group>"; };
		38DEC1EC2807AF280026F370 /* crypto-chat.app */ = {isa = PBXFileReference; explicitFileType = wrapper.application; includeInIndex = 0; path = "crypto-chat.app"; sourceTree = BUILT_PRODUCTS_DIR; };
		38DEC1EF2807AF280026F370 /* AppDelegate.swift */ = {isa = PBXFileReference; lastKnownFileType = sourcecode.swift; path = AppDelegate.swift; sourceTree = "<group>"; };
		38DEC1F12807AF280026F370 /* SceneDelegate.swift */ = {isa = PBXFileReference; lastKnownFileType = sourcecode.swift; path = SceneDelegate.swift; sourceTree = "<group>"; };
		38DEC1F82807AF290026F370 /* Assets.xcassets */ = {isa = PBXFileReference; lastKnownFileType = folder.assetcatalog; path = Assets.xcassets; sourceTree = "<group>"; };
		38DEC1FB2807AF290026F370 /* Base */ = {isa = PBXFileReference; lastKnownFileType = file.storyboard; name = Base; path = Base.lproj/LaunchScreen.storyboard; sourceTree = "<group>"; };
		38DEC1FD2807AF290026F370 /* Info.plist */ = {isa = PBXFileReference; lastKnownFileType = text.plist.xml; path = Info.plist; sourceTree = "<group>"; };
		38DEC2022807AF290026F370 /* crypto-chatTests.xctest */ = {isa = PBXFileReference; explicitFileType = wrapper.cfbundle; includeInIndex = 0; path = "crypto-chatTests.xctest"; sourceTree = BUILT_PRODUCTS_DIR; };
		38DEC2062807AF290026F370 /* UnitTests.swift */ = {isa = PBXFileReference; lastKnownFileType = sourcecode.swift; path = UnitTests.swift; sourceTree = "<group>"; };
		38DEC20C2807AF290026F370 /* crypto-chatUITests.xctest */ = {isa = PBXFileReference; explicitFileType = wrapper.cfbundle; includeInIndex = 0; path = "crypto-chatUITests.xctest"; sourceTree = BUILT_PRODUCTS_DIR; };
		38DEC21F2807AF490026F370 /* ConversationViewController.swift */ = {isa = PBXFileReference; fileEncoding = 4; lastKnownFileType = sourcecode.swift; path = ConversationViewController.swift; sourceTree = "<group>"; };
		38DEC2202807AF490026F370 /* ProfileViewController.swift */ = {isa = PBXFileReference; fileEncoding = 4; lastKnownFileType = sourcecode.swift; path = ProfileViewController.swift; sourceTree = "<group>"; };
		38DEC2212807AF490026F370 /* ContactViewController.swift */ = {isa = PBXFileReference; fileEncoding = 4; lastKnownFileType = sourcecode.swift; path = ContactViewController.swift; sourceTree = "<group>"; };
		38DEC2252807AF540026F370 /* Main.storyboard */ = {isa = PBXFileReference; fileEncoding = 4; lastKnownFileType = file.storyboard; path = Main.storyboard; sourceTree = "<group>"; };
		38DEC2272807AFE90026F370 /* Account.swift */ = {isa = PBXFileReference; lastKnownFileType = sourcecode.swift; path = Account.swift; sourceTree = "<group>"; };
		38DEC2292807B0150026F370 /* Message.swift */ = {isa = PBXFileReference; lastKnownFileType = sourcecode.swift; path = Message.swift; sourceTree = "<group>"; };
		38DEC22B2807B0370026F370 /* CryptoFacade.swift */ = {isa = PBXFileReference; lastKnownFileType = sourcecode.swift; path = CryptoFacade.swift; sourceTree = "<group>"; };
		38DEC22D2807B07A0026F370 /* ChatServerClient.swift */ = {isa = PBXFileReference; lastKnownFileType = sourcecode.swift; path = ChatServerClient.swift; sourceTree = "<group>"; };
		38DEC22F2808BAA30026F370 /* DataController.swift */ = {isa = PBXFileReference; fileEncoding = 4; lastKnownFileType = sourcecode.swift; path = DataController.swift; sourceTree = "<group>"; };
/* End PBXFileReference section */

/* Begin PBXFrameworksBuildPhase section */
		38DEC1E92807AF280026F370 /* Frameworks */ = {
			isa = PBXFrameworksBuildPhase;
			buildActionMask = 2147483647;
			files = (
			);
			runOnlyForDeploymentPostprocessing = 0;
		};
		38DEC1FF2807AF290026F370 /* Frameworks */ = {
			isa = PBXFrameworksBuildPhase;
			buildActionMask = 2147483647;
			files = (
			);
			runOnlyForDeploymentPostprocessing = 0;
		};
		38DEC2092807AF290026F370 /* Frameworks */ = {
			isa = PBXFrameworksBuildPhase;
			buildActionMask = 2147483647;
			files = (
			);
			runOnlyForDeploymentPostprocessing = 0;
		};
/* End PBXFrameworksBuildPhase section */

/* Begin PBXGroup section */
		38DEC1E32807AF270026F370 = {
			isa = PBXGroup;
			children = (
				389784EC280CB5B800D52C08 /* README.md */,
				38DEC1EE2807AF280026F370 /* crypto-chat */,
				38DEC2052807AF290026F370 /* Tests */,
				38DEC1ED2807AF280026F370 /* Products */,
			);
			sourceTree = "<group>";
		};
		38DEC1ED2807AF280026F370 /* Products */ = {
			isa = PBXGroup;
			children = (
				38DEC1EC2807AF280026F370 /* crypto-chat.app */,
				38DEC2022807AF290026F370 /* crypto-chatTests.xctest */,
				38DEC20C2807AF290026F370 /* crypto-chatUITests.xctest */,
			);
			name = Products;
			sourceTree = "<group>";
		};
		38DEC1EE2807AF280026F370 /* crypto-chat */ = {
			isa = PBXGroup;
			children = (
				38DEC2332808BC260026F370 /* ChatServerClient */,
				38DEC2322808BBF40026F370 /* Model */,
				38DEC2312808BB6F0026F370 /* ViewControllers */,
				38DEC1EF2807AF280026F370 /* AppDelegate.swift */,
				38DEC1F12807AF280026F370 /* SceneDelegate.swift */,
				38DEC1F82807AF290026F370 /* Assets.xcassets */,
				38DEC1FA2807AF290026F370 /* LaunchScreen.storyboard */,
				38DEC2252807AF540026F370 /* Main.storyboard */,
				38DEC1FD2807AF290026F370 /* Info.plist */,
			);
			path = "crypto-chat";
			sourceTree = "<group>";
		};
		38DEC2052807AF290026F370 /* Tests */ = {
			isa = PBXGroup;
			children = (
				38DEC2062807AF290026F370 /* UnitTests.swift */,
			);
			path = Tests;
			sourceTree = "<group>";
		};
		38DEC2312808BB6F0026F370 /* ViewControllers */ = {
			isa = PBXGroup;
			children = (
				38D55953280B14920000EFBA /* AddPrivateKeyViewController.swift */,
				38D55955280B19C30000EFBA /* CreateProfileViewController.swift */,
				38DEC2212807AF490026F370 /* ContactViewController.swift */,
				38DEC21F2807AF490026F370 /* ConversationViewController.swift */,
				38D55957280B2D290000EFBA /* ConversationTableViewController.swift */,
				38DEC2202807AF490026F370 /* ProfileViewController.swift */,
			);
			path = ViewControllers;
			sourceTree = "<group>";
		};
		38DEC2322808BBF40026F370 /* Model */ = {
			isa = PBXGroup;
			children = (
				38DEC22F2808BAA30026F370 /* DataController.swift */,
				38DEC2272807AFE90026F370 /* Account.swift */,
				38DEC2292807B0150026F370 /* Message.swift */,
			);
			path = Model;
			sourceTree = "<group>";
		};
		38DEC2332808BC260026F370 /* ChatServerClient */ = {
			isa = PBXGroup;
			children = (
				38DEC22B2807B0370026F370 /* CryptoFacade.swift */,
				38DEC22D2807B07A0026F370 /* ChatServerClient.swift */,
			);
			path = ChatServerClient;
			sourceTree = "<group>";
		};
/* End PBXGroup section */

/* Begin PBXNativeTarget section */
		38DEC1EB2807AF280026F370 /* crypto-chat */ = {
			isa = PBXNativeTarget;
			buildConfigurationList = 38DEC2162807AF290026F370 /* Build configuration list for PBXNativeTarget "crypto-chat" */;
			buildPhases = (
				38DEC1E82807AF280026F370 /* Sources */,
				38DEC1E92807AF280026F370 /* Frameworks */,
				38DEC1EA2807AF280026F370 /* Resources */,
			);
			buildRules = (
			);
			dependencies = (
			);
			name = "crypto-chat";
			productName = "crypto-chat";
			productReference = 38DEC1EC2807AF280026F370 /* crypto-chat.app */;
			productType = "com.apple.product-type.application";
		};
		38DEC2012807AF290026F370 /* crypto-chatTests */ = {
			isa = PBXNativeTarget;
			buildConfigurationList = 38DEC2192807AF290026F370 /* Build configuration list for PBXNativeTarget "crypto-chatTests" */;
			buildPhases = (
				38DEC1FE2807AF290026F370 /* Sources */,
				38DEC1FF2807AF290026F370 /* Frameworks */,
				38DEC2002807AF290026F370 /* Resources */,
			);
			buildRules = (
			);
			dependencies = (
				38DEC2042807AF290026F370 /* PBXTargetDependency */,
			);
			name = "crypto-chatTests";
			productName = "crypto-chatTests";
			productReference = 38DEC2022807AF290026F370 /* crypto-chatTests.xctest */;
			productType = "com.apple.product-type.bundle.unit-test";
		};
		38DEC20B2807AF290026F370 /* crypto-chatUITests */ = {
			isa = PBXNativeTarget;
			buildConfigurationList = 38DEC21C2807AF290026F370 /* Build configuration list for PBXNativeTarget "crypto-chatUITests" */;
			buildPhases = (
				38DEC2082807AF290026F370 /* Sources */,
				38DEC2092807AF290026F370 /* Frameworks */,
				38DEC20A2807AF290026F370 /* Resources */,
			);
			buildRules = (
			);
			dependencies = (
				38DEC20E2807AF290026F370 /* PBXTargetDependency */,
			);
			name = "crypto-chatUITests";
			productName = "crypto-chatUITests";
			productReference = 38DEC20C2807AF290026F370 /* crypto-chatUITests.xctest */;
			productType = "com.apple.product-type.bundle.ui-testing";
		};
/* End PBXNativeTarget section */

/* Begin PBXProject section */
		38DEC1E42807AF270026F370 /* Project object */ = {
			isa = PBXProject;
			attributes = {
				BuildIndependentTargetsInParallel = 1;
				LastSwiftUpdateCheck = 1320;
				LastUpgradeCheck = 1320;
				TargetAttributes = {
					38DEC1EB2807AF280026F370 = {
						CreatedOnToolsVersion = 13.2.1;
					};
					38DEC2012807AF290026F370 = {
						CreatedOnToolsVersion = 13.2.1;
						TestTargetID = 38DEC1EB2807AF280026F370;
					};
					38DEC20B2807AF290026F370 = {
						CreatedOnToolsVersion = 13.2.1;
						TestTargetID = 38DEC1EB2807AF280026F370;
					};
				};
			};
			buildConfigurationList = 38DEC1E72807AF270026F370 /* Build configuration list for PBXProject "crypto-chat" */;
			compatibilityVersion = "Xcode 13.0";
			developmentRegion = en;
			hasScannedForEncodings = 0;
			knownRegions = (
				en,
				Base,
			);
			mainGroup = 38DEC1E32807AF270026F370;
			productRefGroup = 38DEC1ED2807AF280026F370 /* Products */;
			projectDirPath = "";
			projectRoot = "";
			targets = (
				38DEC1EB2807AF280026F370 /* crypto-chat */,
				38DEC2012807AF290026F370 /* crypto-chatTests */,
				38DEC20B2807AF290026F370 /* crypto-chatUITests */,
			);
		};
/* End PBXProject section */

/* Begin PBXResourcesBuildPhase section */
		38DEC1EA2807AF280026F370 /* Resources */ = {
			isa = PBXResourcesBuildPhase;
			buildActionMask = 2147483647;
			files = (
				38DEC1FC2807AF290026F370 /* LaunchScreen.storyboard in Resources */,
				38DEC1F92807AF290026F370 /* Assets.xcassets in Resources */,
				389784ED280CB5B800D52C08 /* README.md in Resources */,
				38DEC2262807AF540026F370 /* Main.storyboard in Resources */,
			);
			runOnlyForDeploymentPostprocessing = 0;
		};
		38DEC2002807AF290026F370 /* Resources */ = {
			isa = PBXResourcesBuildPhase;
			buildActionMask = 2147483647;
			files = (
			);
			runOnlyForDeploymentPostprocessing = 0;
		};
		38DEC20A2807AF290026F370 /* Resources */ = {
			isa = PBXResourcesBuildPhase;
			buildActionMask = 2147483647;
			files = (
			);
			runOnlyForDeploymentPostprocessing = 0;
		};
/* End PBXResourcesBuildPhase section */

/* Begin PBXSourcesBuildPhase section */
		38DEC1E82807AF280026F370 /* Sources */ = {
			isa = PBXSourcesBuildPhase;
			buildActionMask = 2147483647;
			files = (
				38DEC22C2807B0370026F370 /* CryptoFacade.swift in Sources */,
				38D55954280B14920000EFBA /* AddPrivateKeyViewController.swift in Sources */,
				38DEC1F02807AF280026F370 /* AppDelegate.swift in Sources */,
				38DEC2232807AF490026F370 /* ProfileViewController.swift in Sources */,
				38D55956280B19C30000EFBA /* CreateProfileViewController.swift in Sources */,
				38DEC2222807AF490026F370 /* ConversationViewController.swift in Sources */,
				38D55958280B2D290000EFBA /* ConversationTableViewController.swift in Sources */,
				38DEC1F22807AF280026F370 /* SceneDelegate.swift in Sources */,
				38DEC22A2807B0150026F370 /* Message.swift in Sources */,
				38DEC22E2807B07A0026F370 /* ChatServerClient.swift in Sources */,
				38DEC2302808BAA30026F370 /* DataController.swift in Sources */,
				38DEC2242807AF490026F370 /* ContactViewController.swift in Sources */,
				38DEC2282807AFE90026F370 /* Account.swift in Sources */,
			);
			runOnlyForDeploymentPostprocessing = 0;
		};
		38DEC1FE2807AF290026F370 /* Sources */ = {
			isa = PBXSourcesBuildPhase;
			buildActionMask = 2147483647;
			files = (
				38DEC2072807AF290026F370 /* UnitTests.swift in Sources */,
			);
			runOnlyForDeploymentPostprocessing = 0;
		};
		38DEC2082807AF290026F370 /* Sources */ = {
			isa = PBXSourcesBuildPhase;
			buildActionMask = 2147483647;
			files = (
			);
			runOnlyForDeploymentPostprocessing = 0;
		};
/* End PBXSourcesBuildPhase section */

/* Begin PBXTargetDependency section */
		38DEC2042807AF290026F370 /* PBXTargetDependency */ = {
			isa = PBXTargetDependency;
			target = 38DEC1EB2807AF280026F370 /* crypto-chat */;
			targetProxy = 38DEC2032807AF290026F370 /* PBXContainerItemProxy */;
		};
		38DEC20E2807AF290026F370 /* PBXTargetDependency */ = {
			isa = PBXTargetDependency;
			target = 38DEC1EB2807AF280026F370 /* crypto-chat */;
			targetProxy = 38DEC20D2807AF290026F370 /* PBXContainerItemProxy */;
		};
/* End PBXTargetDependency section */

/* Begin PBXVariantGroup section */
		38DEC1FA2807AF290026F370 /* LaunchScreen.storyboard */ = {
			isa = PBXVariantGroup;
			children = (
				38DEC1FB2807AF290026F370 /* Base */,
			);
			name = LaunchScreen.storyboard;
			sourceTree = "<group>";
		};
/* End PBXVariantGroup section */

/* Begin XCBuildConfiguration section */
		38DEC2142807AF290026F370 /* Debug */ = {
			isa = XCBuildConfiguration;
			buildSettings = {
				ALWAYS_SEARCH_USER_PATHS = NO;
				CLANG_ANALYZER_NONNULL = YES;
				CLANG_ANALYZER_NUMBER_OBJECT_CONVERSION = YES_AGGRESSIVE;
				CLANG_CXX_LANGUAGE_STANDARD = "gnu++17";
				CLANG_CXX_LIBRARY = "libc++";
				CLANG_ENABLE_MODULES = YES;
				CLANG_ENABLE_OBJC_ARC = YES;
				CLANG_ENABLE_OBJC_WEAK = YES;
				CLANG_WARN_BLOCK_CAPTURE_AUTORELEASING = YES;
				CLANG_WARN_BOOL_CONVERSION = YES;
				CLANG_WARN_COMMA = YES;
				CLANG_WARN_CONSTANT_CONVERSION = YES;
				CLANG_WARN_DEPRECATED_OBJC_IMPLEMENTATIONS = YES;
				CLANG_WARN_DIRECT_OBJC_ISA_USAGE = YES_ERROR;
				CLANG_WARN_DOCUMENTATION_COMMENTS = YES;
				CLANG_WARN_EMPTY_BODY = YES;
				CLANG_WARN_ENUM_CONVERSION = YES;
				CLANG_WARN_INFINITE_RECURSION = YES;
				CLANG_WARN_INT_CONVERSION = YES;
				CLANG_WARN_NON_LITERAL_NULL_CONVERSION = YES;
				CLANG_WARN_OBJC_IMPLICIT_RETAIN_SELF = YES;
				CLANG_WARN_OBJC_LITERAL_CONVERSION = YES;
				CLANG_WARN_OBJC_ROOT_CLASS = YES_ERROR;
				CLANG_WARN_QUOTED_INCLUDE_IN_FRAMEWORK_HEADER = YES;
				CLANG_WARN_RANGE_LOOP_ANALYSIS = YES;
				CLANG_WARN_STRICT_PROTOTYPES = YES;
				CLANG_WARN_SUSPICIOUS_MOVE = YES;
				CLANG_WARN_UNGUARDED_AVAILABILITY = YES_AGGRESSIVE;
				CLANG_WARN_UNREACHABLE_CODE = YES;
				CLANG_WARN__DUPLICATE_METHOD_MATCH = YES;
				COPY_PHASE_STRIP = NO;
				DEBUG_INFORMATION_FORMAT = dwarf;
				ENABLE_STRICT_OBJC_MSGSEND = YES;
				ENABLE_TESTABILITY = YES;
				GCC_C_LANGUAGE_STANDARD = gnu11;
				GCC_DYNAMIC_NO_PIC = NO;
				GCC_NO_COMMON_BLOCKS = YES;
				GCC_OPTIMIZATION_LEVEL = 0;
				GCC_PREPROCESSOR_DEFINITIONS = (
					"DEBUG=1",
					"$(inherited)",
				);
				GCC_WARN_64_TO_32_BIT_CONVERSION = YES;
				GCC_WARN_ABOUT_RETURN_TYPE = YES_ERROR;
				GCC_WARN_UNDECLARED_SELECTOR = YES;
				GCC_WARN_UNINITIALIZED_AUTOS = YES_AGGRESSIVE;
				GCC_WARN_UNUSED_FUNCTION = YES;
				GCC_WARN_UNUSED_VARIABLE = YES;
				IPHONEOS_DEPLOYMENT_TARGET = 15.2;
				MTL_ENABLE_DEBUG_INFO = INCLUDE_SOURCE;
				MTL_FAST_MATH = YES;
				ONLY_ACTIVE_ARCH = YES;
				SDKROOT = iphoneos;
				SWIFT_ACTIVE_COMPILATION_CONDITIONS = DEBUG;
				SWIFT_OPTIMIZATION_LEVEL = "-Onone";
			};
			name = Debug;
		};
		38DEC2152807AF290026F370 /* Release */ = {
			isa = XCBuildConfiguration;
			buildSettings = {
				ALWAYS_SEARCH_USER_PATHS = NO;
				CLANG_ANALYZER_NONNULL = YES;
				CLANG_ANALYZER_NUMBER_OBJECT_CONVERSION = YES_AGGRESSIVE;
				CLANG_CXX_LANGUAGE_STANDARD = "gnu++17";
				CLANG_CXX_LIBRARY = "libc++";
				CLANG_ENABLE_MODULES = YES;
				CLANG_ENABLE_OBJC_ARC = YES;
				CLANG_ENABLE_OBJC_WEAK = YES;
				CLANG_WARN_BLOCK_CAPTURE_AUTORELEASING = YES;
				CLANG_WARN_BOOL_CONVERSION = YES;
				CLANG_WARN_COMMA = YES;
				CLANG_WARN_CONSTANT_CONVERSION = YES;
				CLANG_WARN_DEPRECATED_OBJC_IMPLEMENTATIONS = YES;
				CLANG_WARN_DIRECT_OBJC_ISA_USAGE = YES_ERROR;
				CLANG_WARN_DOCUMENTATION_COMMENTS = YES;
				CLANG_WARN_EMPTY_BODY = YES;
				CLANG_WARN_ENUM_CONVERSION = YES;
				CLANG_WARN_INFINITE_RECURSION = YES;
				CLANG_WARN_INT_CONVERSION = YES;
				CLANG_WARN_NON_LITERAL_NULL_CONVERSION = YES;
				CLANG_WARN_OBJC_IMPLICIT_RETAIN_SELF = YES;
				CLANG_WARN_OBJC_LITERAL_CONVERSION = YES;
				CLANG_WARN_OBJC_ROOT_CLASS = YES_ERROR;
				CLANG_WARN_QUOTED_INCLUDE_IN_FRAMEWORK_HEADER = YES;
				CLANG_WARN_RANGE_LOOP_ANALYSIS = YES;
				CLANG_WARN_STRICT_PROTOTYPES = YES;
				CLANG_WARN_SUSPICIOUS_MOVE = YES;
				CLANG_WARN_UNGUARDED_AVAILABILITY = YES_AGGRESSIVE;
				CLANG_WARN_UNREACHABLE_CODE = YES;
				CLANG_WARN__DUPLICATE_METHOD_MATCH = YES;
				COPY_PHASE_STRIP = NO;
				DEBUG_INFORMATION_FORMAT = "dwarf-with-dsym";
				ENABLE_NS_ASSERTIONS = NO;
				ENABLE_STRICT_OBJC_MSGSEND = YES;
				GCC_C_LANGUAGE_STANDARD = gnu11;
				GCC_NO_COMMON_BLOCKS = YES;
				GCC_WARN_64_TO_32_BIT_CONVERSION = YES;
				GCC_WARN_ABOUT_RETURN_TYPE = YES_ERROR;
				GCC_WARN_UNDECLARED_SELECTOR = YES;
				GCC_WARN_UNINITIALIZED_AUTOS = YES_AGGRESSIVE;
				GCC_WARN_UNUSED_FUNCTION = YES;
				GCC_WARN_UNUSED_VARIABLE = YES;
				IPHONEOS_DEPLOYMENT_TARGET = 15.2;
				MTL_ENABLE_DEBUG_INFO = NO;
				MTL_FAST_MATH = YES;
				SDKROOT = iphoneos;
				SWIFT_COMPILATION_MODE = wholemodule;
				SWIFT_OPTIMIZATION_LEVEL = "-O";
				VALIDATE_PRODUCT = YES;
			};
			name = Release;
		};
		38DEC2172807AF290026F370 /* Debug */ = {
			isa = XCBuildConfiguration;
			buildSettings = {
				ASSETCATALOG_COMPILER_APPICON_NAME = AppIcon;
				ASSETCATALOG_COMPILER_GLOBAL_ACCENT_COLOR_NAME = AccentColor;
				CODE_SIGN_STYLE = Automatic;
				CURRENT_PROJECT_VERSION = 1;
				DEVELOPMENT_TEAM = CY3LFP8SVP;
				GENERATE_INFOPLIST_FILE = YES;
				INFOPLIST_FILE = "crypto-chat/Info.plist";
				INFOPLIST_KEY_UIApplicationSupportsIndirectInputEvents = YES;
				INFOPLIST_KEY_UILaunchStoryboardName = LaunchScreen;
				INFOPLIST_KEY_UIMainStoryboardFile = Main;
				INFOPLIST_KEY_UISupportedInterfaceOrientations_iPad = "UIInterfaceOrientationPortrait UIInterfaceOrientationPortraitUpsideDown UIInterfaceOrientationLandscapeLeft UIInterfaceOrientationLandscapeRight";
				INFOPLIST_KEY_UISupportedInterfaceOrientations_iPhone = "UIInterfaceOrientationPortrait UIInterfaceOrientationLandscapeLeft UIInterfaceOrientationLandscapeRight";
				LD_RUNPATH_SEARCH_PATHS = (
					"$(inherited)",
					"@executable_path/Frameworks",
				);
				MARKETING_VERSION = 1.0;
				PRODUCT_BUNDLE_IDENTIFIER = "ca.wanderson.crypto-chat";
				PRODUCT_NAME = "$(TARGET_NAME)";
				SWIFT_EMIT_LOC_STRINGS = YES;
				SWIFT_VERSION = 5.0;
				TARGETED_DEVICE_FAMILY = "1,2";
			};
			name = Debug;
		};
		38DEC2182807AF290026F370 /* Release */ = {
			isa = XCBuildConfiguration;
			buildSettings = {
				ASSETCATALOG_COMPILER_APPICON_NAME = AppIcon;
				ASSETCATALOG_COMPILER_GLOBAL_ACCENT_COLOR_NAME = AccentColor;
				CODE_SIGN_STYLE = Automatic;
				CURRENT_PROJECT_VERSION = 1;
				DEVELOPMENT_TEAM = CY3LFP8SVP;
				GENERATE_INFOPLIST_FILE = YES;
				INFOPLIST_FILE = "crypto-chat/Info.plist";
				INFOPLIST_KEY_UIApplicationSupportsIndirectInputEvents = YES;
				INFOPLIST_KEY_UILaunchStoryboardName = LaunchScreen;
				INFOPLIST_KEY_UIMainStoryboardFile = Main;
				INFOPLIST_KEY_UISupportedInterfaceOrientations_iPad = "UIInterfaceOrientationPortrait UIInterfaceOrientationPortraitUpsideDown UIInterfaceOrientationLandscapeLeft UIInterfaceOrientationLandscapeRight";
				INFOPLIST_KEY_UISupportedInterfaceOrientations_iPhone = "UIInterfaceOrientationPortrait UIInterfaceOrientationLandscapeLeft UIInterfaceOrientationLandscapeRight";
				LD_RUNPATH_SEARCH_PATHS = (
					"$(inherited)",
					"@executable_path/Frameworks",
				);
				MARKETING_VERSION = 1.0;
				PRODUCT_BUNDLE_IDENTIFIER = "ca.wanderson.crypto-chat";
				PRODUCT_NAME = "$(TARGET_NAME)";
				SWIFT_EMIT_LOC_STRINGS = YES;
				SWIFT_VERSION = 5.0;
				TARGETED_DEVICE_FAMILY = "1,2";
			};
			name = Release;
		};
		38DEC21A2807AF290026F370 /* Debug */ = {
			isa = XCBuildConfiguration;
			buildSettings = {
				ALWAYS_EMBED_SWIFT_STANDARD_LIBRARIES = YES;
				BUNDLE_LOADER = "$(TEST_HOST)";
				CODE_SIGN_STYLE = Automatic;
				CURRENT_PROJECT_VERSION = 1;
				DEVELOPMENT_TEAM = CY3LFP8SVP;
				GENERATE_INFOPLIST_FILE = YES;
				IPHONEOS_DEPLOYMENT_TARGET = 15.2;
				MARKETING_VERSION = 1.0;
				PRODUCT_BUNDLE_IDENTIFIER = "ca.wanderson.crypto-chatTests";
				PRODUCT_NAME = "$(TARGET_NAME)";
				SWIFT_EMIT_LOC_STRINGS = NO;
				SWIFT_VERSION = 5.0;
				TARGETED_DEVICE_FAMILY = "1,2";
				TEST_HOST = "$(BUILT_PRODUCTS_DIR)/crypto-chat.app/crypto-chat";
			};
			name = Debug;
		};
		38DEC21B2807AF290026F370 /* Release */ = {
			isa = XCBuildConfiguration;
			buildSettings = {
				ALWAYS_EMBED_SWIFT_STANDARD_LIBRARIES = YES;
				BUNDLE_LOADER = "$(TEST_HOST)";
				CODE_SIGN_STYLE = Automatic;
				CURRENT_PROJECT_VERSION = 1;
				DEVELOPMENT_TEAM = CY3LFP8SVP;
				GENERATE_INFOPLIST_FILE = YES;
				IPHONEOS_DEPLOYMENT_TARGET = 15.2;
				MARKETING_VERSION = 1.0;
				PRODUCT_BUNDLE_IDENTIFIER = "ca.wanderson.crypto-chatTests";
				PRODUCT_NAME = "$(TARGET_NAME)";
				SWIFT_EMIT_LOC_STRINGS = NO;
				SWIFT_VERSION = 5.0;
				TARGETED_DEVICE_FAMILY = "1,2";
				TEST_HOST = "$(BUILT_PRODUCTS_DIR)/crypto-chat.app/crypto-chat";
			};
			name = Release;
		};
		38DEC21D2807AF290026F370 /* Debug */ = {
			isa = XCBuildConfiguration;
			buildSettings = {
				ALWAYS_EMBED_SWIFT_STANDARD_LIBRARIES = YES;
				CODE_SIGN_STYLE = Automatic;
				CURRENT_PROJECT_VERSION = 1;
				DEVELOPMENT_TEAM = CY3LFP8SVP;
				GENERATE_INFOPLIST_FILE = YES;
				MARKETING_VERSION = 1.0;
				PRODUCT_BUNDLE_IDENTIFIER = "ca.wanderson.crypto-chatUITests";
				PRODUCT_NAME = "$(TARGET_NAME)";
				SWIFT_EMIT_LOC_STRINGS = NO;
				SWIFT_VERSION = 5.0;
				TARGETED_DEVICE_FAMILY = "1,2";
				TEST_TARGET_NAME = "crypto-chat";
			};
			name = Debug;
		};
		38DEC21E2807AF290026F370 /* Release */ = {
			isa = XCBuildConfiguration;
			buildSettings = {
				ALWAYS_EMBED_SWIFT_STANDARD_LIBRARIES = YES;
				CODE_SIGN_STYLE = Automatic;
				CURRENT_PROJECT_VERSION = 1;
				DEVELOPMENT_TEAM = CY3LFP8SVP;
				GENERATE_INFOPLIST_FILE = YES;
				MARKETING_VERSION = 1.0;
				PRODUCT_BUNDLE_IDENTIFIER = "ca.wanderson.crypto-chatUITests";
				PRODUCT_NAME = "$(TARGET_NAME)";
				SWIFT_EMIT_LOC_STRINGS = NO;
				SWIFT_VERSION = 5.0;
				TARGETED_DEVICE_FAMILY = "1,2";
				TEST_TARGET_NAME = "crypto-chat";
			};
			name = Release;
		};
/* End XCBuildConfiguration section */

/* Begin XCConfigurationList section */
		38DEC1E72807AF270026F370 /* Build configuration list for PBXProject "crypto-chat" */ = {
			isa = XCConfigurationList;
			buildConfigurations = (
				38DEC2142807AF290026F370 /* Debug */,
				38DEC2152807AF290026F370 /* Release */,
			);
			defaultConfigurationIsVisible = 0;
			defaultConfigurationName = Release;
		};
		38DEC2162807AF290026F370 /* Build configuration list for PBXNativeTarget "crypto-chat" */ = {
			isa = XCConfigurationList;
			buildConfigurations = (
				38DEC2172807AF290026F370 /* Debug */,
				38DEC2182807AF290026F370 /* Release */,
			);
			defaultConfigurationIsVisible = 0;
			defaultConfigurationName = Release;
		};
		38DEC2192807AF290026F370 /* Build configuration list for PBXNativeTarget "crypto-chatTests" */ = {
			isa = XCConfigurationList;
			buildConfigurations = (
				38DEC21A2807AF290026F370 /* Debug */,
				38DEC21B2807AF290026F370 /* Release */,
			);
			defaultConfigurationIsVisible = 0;
			defaultConfigurationName = Release;
		};
		38DEC21C2807AF290026F370 /* Build configuration list for PBXNativeTarget "crypto-chatUITests" */ = {
			isa = XCConfigurationList;
			buildConfigurations = (
				38DEC21D2807AF290026F370 /* Debug */,
				38DEC21E2807AF290026F370 /* Release */,
			);
			defaultConfigurationIsVisible = 0;
			defaultConfigurationName = Release;
		};
/* End XCConfigurationList section */
	};
	rootObject = 38DEC1E42807AF270026F370 /* Project object */;
}
